
Microsoft Visual Studio Solution File, Format Version 12.00
# Visual Studio Version 16
VisualStudioVersion = 16.0.30320.27
MinimumVisualStudioVersion = 10.0.40219.1
Project("{FAE04EC0-301F-11D3-BF4B-00C04F79EFBC}") = "ChromeBookmarksReplaceUrl", "ChromeBookmarksReplaceUrl\ChromeBookmarksReplaceUrl.csproj", "{C680B1B8-8510-4DAA-AF0B-83CE5E12C883}"
EndProject
Global
	GlobalSection(SolutionConfigurationPlatforms) = preSolution
		Debug|Any CPU = Debug|Any CPU
		Release|Any CPU = Release|Any CPU
	EndGlobalSection
	GlobalSection(ProjectConfigurationPlatforms) = postSolution
		{C680B1B8-8510-4DAA-AF0B-83CE5E12C883}.Debug|Any CPU.ActiveCfg = Debug|Any CPU
		{C680B1B8-8510-4DAA-AF0B-83CE5E12C883}.Debug|Any CPU.Build.0 = Debug|Any CPU
		{C680B1B8-8510-4DAA-AF0B-83CE5E12C883}.Release|Any CPU.ActiveCfg = Release|Any CPU
		{C680B1B8-8510-4DAA-AF0B-83CE5E12C883}.Release|Any CPU.Build.0 = Release|Any CPU
	EndGlobalSection
	GlobalSection(SolutionProperties) = preSolution
		HideSolutionNode = FALSE
	EndGlobalSection
	GlobalSection(ExtensibilityGlobals) = postSolution
		SolutionGuid = {8C1ECFBC-A2D0-4BC5-A3E0-B5547CC5A41A}
	EndGlobalSection
EndGlobal
